// !$*UTF8*$!
{
	archiveVersion = 1;
	classes = {
	};
	objectVersion = 46;
	objects = {

/* Begin PBXBuildFile section */
		B335C03A1BB01A7D00C27E98 /* AppDelegate.m in Sources */ = {isa = PBXBuildFile; fileRef = B335C0391BB01A7D00C27E98 /* AppDelegate.m */; };
		B335C03C1BB01A7D00C27E98 /* main.m in Sources */ = {isa = PBXBuildFile; fileRef = B335C03B1BB01A7D00C27E98 /* main.m */; };
		B335C03E1BB01A7D00C27E98 /* Images.xcassets in Resources */ = {isa = PBXBuildFile; fileRef = B335C03D1BB01A7D00C27E98 /* Images.xcassets */; };
		B335C0411BB01A7D00C27E98 /* MainMenu.xib in Resources */ = {isa = PBXBuildFile; fileRef = B335C03F1BB01A7D00C27E98 /* MainMenu.xib */; };
		B335C04D1BB01A7D00C27E98 /* ScaryBugsMacTests.m in Sources */ = {isa = PBXBuildFile; fileRef = B335C04C1BB01A7D00C27E98 /* ScaryBugsMacTests.m */; };
		B335C05E1BB01FF400C27E98 /* MasterViewController.m in Sources */ = {isa = PBXBuildFile; fileRef = B335C05C1BB01FF400C27E98 /* MasterViewController.m */; };
		B335C05F1BB01FF400C27E98 /* MasterViewController.xib in Resources */ = {isa = PBXBuildFile; fileRef = B335C05D1BB01FF400C27E98 /* MasterViewController.xib */; };
		B335C0641BB02D4200C27E98 /* ScaryBugData.m in Sources */ = {isa = PBXBuildFile; fileRef = B335C0631BB02D4200C27E98 /* ScaryBugData.m */; };
		B335C0671BB02DA400C27E98 /* ScaryBugDoc.m in Sources */ = {isa = PBXBuildFile; fileRef = B335C0661BB02DA400C27E98 /* ScaryBugDoc.m */; };
		B335C0721BB02E6E00C27E98 /* attribution.txt in Resources */ = {isa = PBXBuildFile; fileRef = B335C0691BB02E6E00C27E98 /* attribution.txt */; };
		B335C0731BB02E6E00C27E98 /* centipede.jpg in Resources */ = {isa = PBXBuildFile; fileRef = B335C06A1BB02E6E00C27E98 /* centipede.jpg */; };
		B335C0741BB02E6E00C27E98 /* centipedeThumb.jpg in Resources */ = {isa = PBXBuildFile; fileRef = B335C06B1BB02E6E00C27E98 /* centipedeThumb.jpg */; };
		B335C0751BB02E6E00C27E98 /* ladybug.jpg in Resources */ = {isa = PBXBuildFile; fileRef = B335C06C1BB02E6E00C27E98 /* ladybug.jpg */; };
		B335C0761BB02E6E00C27E98 /* ladybugThumb.jpg in Resources */ = {isa = PBXBuildFile; fileRef = B335C06D1BB02E6E00C27E98 /* ladybugThumb.jpg */; };
		B335C0771BB02E6E00C27E98 /* potatoBug.jpg in Resources */ = {isa = PBXBuildFile; fileRef = B335C06E1BB02E6E00C27E98 /* potatoBug.jpg */; };
		B335C0781BB02E6E00C27E98 /* potatoBugThumb.jpg in Resources */ = {isa = PBXBuildFile; fileRef = B335C06F1BB02E6E00C27E98 /* potatoBugThumb.jpg */; };
		B335C0791BB02E6E00C27E98 /* wolfSpider.jpg in Resources */ = {isa = PBXBuildFile; fileRef = B335C0701BB02E6E00C27E98 /* wolfSpider.jpg */; };
		B335C07A1BB02E6E00C27E98 /* wolfSpiderThumb.jpg in Resources */ = {isa = PBXBuildFile; fileRef = B335C0711BB02E6E00C27E98 /* wolfSpiderThumb.jpg */; };
		B335C0831BB242E900C27E98 /* EDStarRating.m in Sources */ = {isa = PBXBuildFile; fileRef = B335C07D1BB242E900C27E98 /* EDStarRating.m */; };
		B335C0841BB242E900C27E98 /* NSImage+Extras.m in Sources */ = {isa = PBXBuildFile; fileRef = B335C07F1BB242E900C27E98 /* NSImage+Extras.m */; };
		B335C0851BB242E900C27E98 /* shockedface2_empty.png in Resources */ = {isa = PBXBuildFile; fileRef = B335C0801BB242E900C27E98 /* shockedface2_empty.png */; };
		B335C0861BB242E900C27E98 /* shockedface2_full.png in Resources */ = {isa = PBXBuildFile; fileRef = B335C0811BB242E900C27E98 /* shockedface2_full.png */; };
		B335C0871BB242E900C27E98 /* shockedface2_half.png in Resources */ = {isa = PBXBuildFile; fileRef = B335C0821BB242E900C27E98 /* shockedface2_half.png */; };
/* End PBXBuildFile section */

/* Begin PBXContainerItemProxy section */
		B335C0471BB01A7D00C27E98 /* PBXContainerItemProxy */ = {
			isa = PBXContainerItemProxy;
			containerPortal = B335C02B1BB01A7D00C27E98 /* Project object */;
			proxyType = 1;
			remoteGlobalIDString = B335C0321BB01A7D00C27E98;
			remoteInfo = ScaryBugsMac;
		};
/* End PBXContainerItemProxy section */

/* Begin PBXFileReference section */
		B335C0331BB01A7D00C27E98 /* ScaryBugsMac.app */ = {isa = PBXFileReference; explicitFileType = wrapper.application; includeInIndex = 0; path = ScaryBugsMac.app; sourceTree = BUILT_PRODUCTS_DIR; };
		B335C0371BB01A7D00C27E98 /* Info.plist */ = {isa = PBXFileReference; lastKnownFileType = text.plist.xml; path = Info.plist; sourceTree = "<group>"; };
		B335C0381BB01A7D00C27E98 /* AppDelegate.h */ = {isa = PBXFileReference; lastKnownFileType = sourcecode.c.h; path = AppDelegate.h; sourceTree = "<group>"; };
		B335C0391BB01A7D00C27E98 /* AppDelegate.m */ = {isa = PBXFileReference; lastKnownFileType = sourcecode.c.objc; path = AppDelegate.m; sourceTree = "<group>"; };
		B335C03B1BB01A7D00C27E98 /* main.m */ = {isa = PBXFileReference; lastKnownFileType = sourcecode.c.objc; path = main.m; sourceTree = "<group>"; };
		B335C03D1BB01A7D00C27E98 /* Images.xcassets */ = {isa = PBXFileReference; lastKnownFileType = folder.assetcatalog; path = Images.xcassets; sourceTree = "<group>"; };
		B335C0401BB01A7D00C27E98 /* Base */ = {isa = PBXFileReference; lastKnownFileType = file.xib; name = Base; path = Base.lproj/MainMenu.xib; sourceTree = "<group>"; };
		B335C0461BB01A7D00C27E98 /* ScaryBugsMacTests.xctest */ = {isa = PBXFileReference; explicitFileType = wrapper.cfbundle; includeInIndex = 0; path = ScaryBugsMacTests.xctest; sourceTree = BUILT_PRODUCTS_DIR; };
		B335C04B1BB01A7D00C27E98 /* Info.plist */ = {isa = PBXFileReference; lastKnownFileType = text.plist.xml; path = Info.plist; sourceTree = "<group>"; };
		B335C04C1BB01A7D00C27E98 /* ScaryBugsMacTests.m */ = {isa = PBXFileReference; lastKnownFileType = sourcecode.c.objc; path = ScaryBugsMacTests.m; sourceTree = "<group>"; };
		B335C05B1BB01FF400C27E98 /* MasterViewController.h */ = {isa = PBXFileReference; fileEncoding = 4; lastKnownFileType = sourcecode.c.h; path = MasterViewController.h; sourceTree = "<group>"; };
		B335C05C1BB01FF400C27E98 /* MasterViewController.m */ = {isa = PBXFileReference; fileEncoding = 4; lastKnownFileType = sourcecode.c.objc; path = MasterViewController.m; sourceTree = "<group>"; };
		B335C05D1BB01FF400C27E98 /* MasterViewController.xib */ = {isa = PBXFileReference; fileEncoding = 4; lastKnownFileType = file.xib; path = MasterViewController.xib; sourceTree = "<group>"; };
		B335C0621BB02D4200C27E98 /* ScaryBugData.h */ = {isa = PBXFileReference; fileEncoding = 4; lastKnownFileType = sourcecode.c.h; path = ScaryBugData.h; sourceTree = "<group>"; };
		B335C0631BB02D4200C27E98 /* ScaryBugData.m */ = {isa = PBXFileReference; fileEncoding = 4; lastKnownFileType = sourcecode.c.objc; path = ScaryBugData.m; sourceTree = "<group>"; };
		B335C0651BB02DA400C27E98 /* ScaryBugDoc.h */ = {isa = PBXFileReference; fileEncoding = 4; lastKnownFileType = sourcecode.c.h; path = ScaryBugDoc.h; sourceTree = "<group>"; };
		B335C0661BB02DA400C27E98 /* ScaryBugDoc.m */ = {isa = PBXFileReference; fileEncoding = 4; lastKnownFileType = sourcecode.c.objc; path = ScaryBugDoc.m; sourceTree = "<group>"; };
		B335C0691BB02E6E00C27E98 /* attribution.txt */ = {isa = PBXFileReference; fileEncoding = 4; lastKnownFileType = text; path = attribution.txt; sourceTree = "<group>"; };
		B335C06A1BB02E6E00C27E98 /* centipede.jpg */ = {isa = PBXFileReference; lastKnownFileType = image.jpeg; path = centipede.jpg; sourceTree = "<group>"; };
		B335C06B1BB02E6E00C27E98 /* centipedeThumb.jpg */ = {isa = PBXFileReference; lastKnownFileType = image.jpeg; path = centipedeThumb.jpg; sourceTree = "<group>"; };
		B335C06C1BB02E6E00C27E98 /* ladybug.jpg */ = {isa = PBXFileReference; lastKnownFileType = image.jpeg; path = ladybug.jpg; sourceTree = "<group>"; };
		B335C06D1BB02E6E00C27E98 /* ladybugThumb.jpg */ = {isa = PBXFileReference; lastKnownFileType = image.jpeg; path = ladybugThumb.jpg; sourceTree = "<group>"; };
		B335C06E1BB02E6E00C27E98 /* potatoBug.jpg */ = {isa = PBXFileReference; lastKnownFileType = image.jpeg; path = potatoBug.jpg; sourceTree = "<group>"; };
		B335C06F1BB02E6E00C27E98 /* potatoBugThumb.jpg */ = {isa = PBXFileReference; lastKnownFileType = image.jpeg; path = potatoBugThumb.jpg; sourceTree = "<group>"; };
		B335C0701BB02E6E00C27E98 /* wolfSpider.jpg */ = {isa = PBXFileReference; lastKnownFileType = image.jpeg; path = wolfSpider.jpg; sourceTree = "<group>"; };
		B335C0711BB02E6E00C27E98 /* wolfSpiderThumb.jpg */ = {isa = PBXFileReference; lastKnownFileType = image.jpeg; path = wolfSpiderThumb.jpg; sourceTree = "<group>"; };
		B335C07C1BB242E900C27E98 /* EDStarRating.h */ = {isa = PBXFileReference; fileEncoding = 4; lastKnownFileType = sourcecode.c.h; name = EDStarRating.h; path = MacApp2ExtraStuff/EDStarRating.h; sourceTree = "<group>"; };
		B335C07D1BB242E900C27E98 /* EDStarRating.m */ = {isa = PBXFileReference; fileEncoding = 4; lastKnownFileType = sourcecode.c.objc; name = EDStarRating.m; path = MacApp2ExtraStuff/EDStarRating.m; sourceTree = "<group>"; };
		B335C07E1BB242E900C27E98 /* NSImage+Extras.h */ = {isa = PBXFileReference; fileEncoding = 4; lastKnownFileType = sourcecode.c.h; name = "NSImage+Extras.h"; path = "MacApp2ExtraStuff/NSImage+Extras.h"; sourceTree = "<group>"; };
		B335C07F1BB242E900C27E98 /* NSImage+Extras.m */ = {isa = PBXFileReference; fileEncoding = 4; lastKnownFileType = sourcecode.c.objc; name = "NSImage+Extras.m"; path = "MacApp2ExtraStuff/NSImage+Extras.m"; sourceTree = "<group>"; };
		B335C0801BB242E900C27E98 /* shockedface2_empty.png */ = {isa = PBXFileReference; lastKnownFileType = image.png; name = shockedface2_empty.png; path = MacApp2ExtraStuff/shockedface2_empty.png; sourceTree = "<group>"; };
		B335C0811BB242E900C27E98 /* shockedface2_full.png */ = {isa = PBXFileReference; lastKnownFileType = image.png; name = shockedface2_full.png; path = MacApp2ExtraStuff/shockedface2_full.png; sourceTree = "<group>"; };
		B335C0821BB242E900C27E98 /* shockedface2_half.png */ = {isa = PBXFileReference; lastKnownFileType = image.png; name = shockedface2_half.png; path = MacApp2ExtraStuff/shockedface2_half.png; sourceTree = "<group>"; };
/* End PBXFileReference section */

/* Begin PBXFrameworksBuildPhase section */
		B335C0301BB01A7D00C27E98 /* Frameworks */ = {
			isa = PBXFrameworksBuildPhase;
			buildActionMask = 2147483647;
			files = (
			);
			runOnlyForDeploymentPostprocessing = 0;
		};
		B335C0431BB01A7D00C27E98 /* Frameworks */ = {
			isa = PBXFrameworksBuildPhase;
			buildActionMask = 2147483647;
			files = (
			);
			runOnlyForDeploymentPostprocessing = 0;
		};
/* End PBXFrameworksBuildPhase section */

/* Begin PBXGroup section */
		B335C02A1BB01A7D00C27E98 = {
			isa = PBXGroup;
			children = (
				B335C0681BB02E6E00C27E98 /* ScaryBugs */,
				B335C0351BB01A7D00C27E98 /* ScaryBugsMac */,
				B335C0491BB01A7D00C27E98 /* ScaryBugsMacTests */,
				B335C0341BB01A7D00C27E98 /* Products */,
			);
			sourceTree = "<group>";
		};
		B335C0341BB01A7D00C27E98 /* Products */ = {
			isa = PBXGroup;
			children = (
				B335C0331BB01A7D00C27E98 /* ScaryBugsMac.app */,
				B335C0461BB01A7D00C27E98 /* ScaryBugsMacTests.xctest */,
			);
			name = Products;
			sourceTree = "<group>";
		};
		B335C0351BB01A7D00C27E98 /* ScaryBugsMac */ = {
			isa = PBXGroup;
			children = (
				B335C08A1BB2435E00C27E98 /* Views */,
				B335C0891BB2434B00C27E98 /* Helpers */,
				B335C0881BB2434500C27E98 /* Art */,
				B335C0611BB02A3000C27E98 /* Model */,
				B335C0601BB029F400C27E98 /* GUI */,
				B335C03D1BB01A7D00C27E98 /* Images.xcassets */,
				B335C0361BB01A7D00C27E98 /* Supporting Files */,
			);
			path = ScaryBugsMac;
			sourceTree = "<group>";
		};
		B335C0361BB01A7D00C27E98 /* Supporting Files */ = {
			isa = PBXGroup;
			children = (
				B335C0371BB01A7D00C27E98 /* Info.plist */,
				B335C03B1BB01A7D00C27E98 /* main.m */,
			);
			name = "Supporting Files";
			sourceTree = "<group>";
		};
		B335C0491BB01A7D00C27E98 /* ScaryBugsMacTests */ = {
			isa = PBXGroup;
			children = (
				B335C04C1BB01A7D00C27E98 /* ScaryBugsMacTests.m */,
				B335C04A1BB01A7D00C27E98 /* Supporting Files */,
			);
			path = ScaryBugsMacTests;
			sourceTree = "<group>";
		};
		B335C04A1BB01A7D00C27E98 /* Supporting Files */ = {
			isa = PBXGroup;
			children = (
				B335C04B1BB01A7D00C27E98 /* Info.plist */,
			);
			name = "Supporting Files";
			sourceTree = "<group>";
		};
		B335C0601BB029F400C27E98 /* GUI */ = {
			isa = PBXGroup;
			children = (
				B335C03F1BB01A7D00C27E98 /* MainMenu.xib */,
				B335C0381BB01A7D00C27E98 /* AppDelegate.h */,
				B335C0391BB01A7D00C27E98 /* AppDelegate.m */,
				B335C05B1BB01FF400C27E98 /* MasterViewController.h */,
				B335C05C1BB01FF400C27E98 /* MasterViewController.m */,
				B335C05D1BB01FF400C27E98 /* MasterViewController.xib */,
			);
			name = GUI;
			sourceTree = "<group>";
		};
		B335C0611BB02A3000C27E98 /* Model */ = {
			isa = PBXGroup;
			children = (
				B335C0621BB02D4200C27E98 /* ScaryBugData.h */,
				B335C0631BB02D4200C27E98 /* ScaryBugData.m */,
				B335C0651BB02DA400C27E98 /* ScaryBugDoc.h */,
				B335C0661BB02DA400C27E98 /* ScaryBugDoc.m */,
			);
			name = Model;
			sourceTree = "<group>";
		};
		B335C0681BB02E6E00C27E98 /* ScaryBugs */ = {
			isa = PBXGroup;
			children = (
				B335C0691BB02E6E00C27E98 /* attribution.txt */,
				B335C06A1BB02E6E00C27E98 /* centipede.jpg */,
				B335C06B1BB02E6E00C27E98 /* centipedeThumb.jpg */,
				B335C06C1BB02E6E00C27E98 /* ladybug.jpg */,
				B335C06D1BB02E6E00C27E98 /* ladybugThumb.jpg */,
				B335C06E1BB02E6E00C27E98 /* potatoBug.jpg */,
				B335C06F1BB02E6E00C27E98 /* potatoBugThumb.jpg */,
				B335C0701BB02E6E00C27E98 /* wolfSpider.jpg */,
				B335C0711BB02E6E00C27E98 /* wolfSpiderThumb.jpg */,
			);
			path = ScaryBugs;
			sourceTree = "<group>";
		};
		B335C0881BB2434500C27E98 /* Art */ = {
			isa = PBXGroup;
			children = (
				B335C0801BB242E900C27E98 /* shockedface2_empty.png */,
				B335C0811BB242E900C27E98 /* shockedface2_full.png */,
				B335C0821BB242E900C27E98 /* shockedface2_half.png */,
			);
			name = Art;
			path = ..;
			sourceTree = "<group>";
		};
		B335C0891BB2434B00C27E98 /* Helpers */ = {
			isa = PBXGroup;
			children = (
				B335C07E1BB242E900C27E98 /* NSImage+Extras.h */,
				B335C07F1BB242E900C27E98 /* NSImage+Extras.m */,
			);
			name = Helpers;
			path = ..;
			sourceTree = "<group>";
		};
		B335C08A1BB2435E00C27E98 /* Views */ = {
			isa = PBXGroup;
			children = (
				B335C07C1BB242E900C27E98 /* EDStarRating.h */,
				B335C07D1BB242E900C27E98 /* EDStarRating.m */,
			);
			name = Views;
			path = ..;
			sourceTree = "<group>";
		};
/* End PBXGroup section */

/* Begin PBXNativeTarget section */
		B335C0321BB01A7D00C27E98 /* ScaryBugsMac */ = {
			isa = PBXNativeTarget;
			buildConfigurationList = B335C0501BB01A7D00C27E98 /* Build configuration list for PBXNativeTarget "ScaryBugsMac" */;
			buildPhases = (
				B335C02F1BB01A7D00C27E98 /* Sources */,
				B335C0301BB01A7D00C27E98 /* Frameworks */,
				B335C0311BB01A7D00C27E98 /* Resources */,
			);
			buildRules = (
			);
			dependencies = (
			);
			name = ScaryBugsMac;
			productName = ScaryBugsMac;
			productReference = B335C0331BB01A7D00C27E98 /* ScaryBugsMac.app */;
			productType = "com.apple.product-type.application";
		};
		B335C0451BB01A7D00C27E98 /* ScaryBugsMacTests */ = {
			isa = PBXNativeTarget;
			buildConfigurationList = B335C0531BB01A7D00C27E98 /* Build configuration list for PBXNativeTarget "ScaryBugsMacTests" */;
			buildPhases = (
				B335C0421BB01A7D00C27E98 /* Sources */,
				B335C0431BB01A7D00C27E98 /* Frameworks */,
				B335C0441BB01A7D00C27E98 /* Resources */,
			);
			buildRules = (
			);
			dependencies = (
				B335C0481BB01A7D00C27E98 /* PBXTargetDependency */,
			);
			name = ScaryBugsMacTests;
			productName = ScaryBugsMacTests;
			productReference = B335C0461BB01A7D00C27E98 /* ScaryBugsMacTests.xctest */;
			productType = "com.apple.product-type.bundle.unit-test";
		};
/* End PBXNativeTarget section */

/* Begin PBXProject section */
		B335C02B1BB01A7D00C27E98 /* Project object */ = {
			isa = PBXProject;
			attributes = {
				LastUpgradeCheck = 0630;
				ORGANIZATIONNAME = "王亮亮";
				TargetAttributes = {
					B335C0321BB01A7D00C27E98 = {
						CreatedOnToolsVersion = 6.3;
					};
					B335C0451BB01A7D00C27E98 = {
						CreatedOnToolsVersion = 6.3;
						TestTargetID = B335C0321BB01A7D00C27E98;
					};
				};
			};
			buildConfigurationList = B335C02E1BB01A7D00C27E98 /* Build configuration list for PBXProject "ScaryBugsMac" */;
			compatibilityVersion = "Xcode 3.2";
			developmentRegion = English;
			hasScannedForEncodings = 0;
			knownRegions = (
				en,
				Base,
			);
			mainGroup = B335C02A1BB01A7D00C27E98;
			productRefGroup = B335C0341BB01A7D00C27E98 /* Products */;
			projectDirPath = "";
			projectRoot = "";
			targets = (
				B335C0321BB01A7D00C27E98 /* ScaryBugsMac */,
				B335C0451BB01A7D00C27E98 /* ScaryBugsMacTests */,
			);
		};
/* End PBXProject section */

/* Begin PBXResourcesBuildPhase section */
		B335C0311BB01A7D00C27E98 /* Resources */ = {
			isa = PBXResourcesBuildPhase;
			buildActionMask = 2147483647;
			files = (
				B335C03E1BB01A7D00C27E98 /* Images.xcassets in Resources */,
				B335C07A1BB02E6E00C27E98 /* wolfSpiderThumb.jpg in Resources */,
				B335C0751BB02E6E00C27E98 /* ladybug.jpg in Resources */,
				B335C0411BB01A7D00C27E98 /* MainMenu.xib in Resources */,
				B335C0731BB02E6E00C27E98 /* centipede.jpg in Resources */,
				B335C0721BB02E6E00C27E98 /* attribution.txt in Resources */,
				B335C0791BB02E6E00C27E98 /* wolfSpider.jpg in Resources */,
				B335C0741BB02E6E00C27E98 /* centipedeThumb.jpg in Resources */,
				B335C05F1BB01FF400C27E98 /* MasterViewController.xib in Resources */,
				B335C0761BB02E6E00C27E98 /* ladybugThumb.jpg in Resources */,
				B335C0781BB02E6E00C27E98 /* potatoBugThumb.jpg in Resources */,
				B335C0771BB02E6E00C27E98 /* potatoBug.jpg in Resources */,
				B335C0861BB242E900C27E98 /* shockedface2_full.png in Resources */,
				B335C0851BB242E900C27E98 /* shockedface2_empty.png in Resources */,
				B335C0871BB242E900C27E98 /* shockedface2_half.png in Resources */,
			);
			runOnlyForDeploymentPostprocessing = 0;
		};
		B335C0441BB01A7D00C27E98 /* Resources */ = {
			isa = PBXResourcesBuildPhase;
			buildActionMask = 2147483647;
			files = (
			);
			runOnlyForDeploymentPostprocessing = 0;
		};
/* End PBXResourcesBuildPhase section */

/* Begin PBXSourcesBuildPhase section */
		B335C02F1BB01A7D00C27E98 /* Sources */ = {
			isa = PBXSourcesBuildPhase;
			buildActionMask = 2147483647;
			files = (
				B335C0671BB02DA400C27E98 /* ScaryBugDoc.m in Sources */,
				B335C03C1BB01A7D00C27E98 /* main.m in Sources */,
				B335C05E1BB01FF400C27E98 /* MasterViewController.m in Sources */,
				B335C0831BB242E900C27E98 /* EDStarRating.m in Sources */,
				B335C03A1BB01A7D00C27E98 /* AppDelegate.m in Sources */,
				B335C0841BB242E900C27E98 /* NSImage+Extras.m in Sources */,
				B335C0641BB02D4200C27E98 /* ScaryBugData.m in Sources */,
			);
			runOnlyForDeploymentPostprocessing = 0;
		};
		B335C0421BB01A7D00C27E98 /* Sources */ = {
			isa = PBXSourcesBuildPhase;
			buildActionMask = 2147483647;
			files = (
				B335C04D1BB01A7D00C27E98 /* ScaryBugsMacTests.m in Sources */,
			);
			runOnlyForDeploymentPostprocessing = 0;
		};
/* End PBXSourcesBuildPhase section */

/* Begin PBXTargetDependency section */
		B335C0481BB01A7D00C27E98 /* PBXTargetDependency */ = {
			isa = PBXTargetDependency;
			target = B335C0321BB01A7D00C27E98 /* ScaryBugsMac */;
			targetProxy = B335C0471BB01A7D00C27E98 /* PBXContainerItemProxy */;
		};
/* End PBXTargetDependency section */

/* Begin PBXVariantGroup section */
		B335C03F1BB01A7D00C27E98 /* MainMenu.xib */ = {
			isa = PBXVariantGroup;
			children = (
				B335C0401BB01A7D00C27E98 /* Base */,
			);
			name = MainMenu.xib;
			sourceTree = "<group>";
		};
/* End PBXVariantGroup section */

/* Begin XCBuildConfiguration section */
		B335C04E1BB01A7D00C27E98 /* Debug */ = {
			isa = XCBuildConfiguration;
			buildSettings = {
				ALWAYS_SEARCH_USER_PATHS = NO;
				CLANG_CXX_LANGUAGE_STANDARD = "gnu++0x";
				CLANG_CXX_LIBRARY = "libc++";
				CLANG_ENABLE_MODULES = YES;
				CLANG_ENABLE_OBJC_ARC = YES;
				CLANG_WARN_BOOL_CONVERSION = YES;
				CLANG_WARN_CONSTANT_CONVERSION = YES;
				CLANG_WARN_DIRECT_OBJC_ISA_USAGE = YES_ERROR;
				CLANG_WARN_EMPTY_BODY = YES;
				CLANG_WARN_ENUM_CONVERSION = YES;
				CLANG_WARN_INT_CONVERSION = YES;
				CLANG_WARN_OBJC_ROOT_CLASS = YES_ERROR;
				CLANG_WARN_UNREACHABLE_CODE = YES;
				CLANG_WARN__DUPLICATE_METHOD_MATCH = YES;
				CODE_SIGN_IDENTITY = "-";
				COPY_PHASE_STRIP = NO;
				DEBUG_INFORMATION_FORMAT = dwarf;
				ENABLE_STRICT_OBJC_MSGSEND = YES;
				GCC_C_LANGUAGE_STANDARD = gnu99;
				GCC_DYNAMIC_NO_PIC = NO;
				GCC_NO_COMMON_BLOCKS = YES;
				GCC_OPTIMIZATION_LEVEL = 0;
				GCC_PREPROCESSOR_DEFINITIONS = (
					"DEBUG=1",
					"$(inherited)",
				);
				GCC_SYMBOLS_PRIVATE_EXTERN = NO;
				GCC_WARN_64_TO_32_BIT_CONVERSION = YES;
				GCC_WARN_ABOUT_RETURN_TYPE = YES_ERROR;
				GCC_WARN_UNDECLARED_SELECTOR = YES;
				GCC_WARN_UNINITIALIZED_AUTOS = YES_AGGRESSIVE;
				GCC_WARN_UNUSED_FUNCTION = YES;
				GCC_WARN_UNUSED_VARIABLE = YES;
				MACOSX_DEPLOYMENT_TARGET = 10.10;
				MTL_ENABLE_DEBUG_INFO = YES;
				ONLY_ACTIVE_ARCH = YES;
				SDKROOT = macosx;
			};
			name = Debug;
		};
		B335C04F1BB01A7D00C27E98 /* Release */ = {
			isa = XCBuildConfiguration;
			buildSettings = {
				ALWAYS_SEARCH_USER_PATHS = NO;
				CLANG_CXX_LANGUAGE_STANDARD = "gnu++0x";
				CLANG_CXX_LIBRARY = "libc++";
				CLANG_ENABLE_MODULES = YES;
				CLANG_ENABLE_OBJC_ARC = YES;
				CLANG_WARN_BOOL_CONVERSION = YES;
				CLANG_WARN_CONSTANT_CONVERSION = YES;
				CLANG_WARN_DIRECT_OBJC_ISA_USAGE = YES_ERROR;
				CLANG_WARN_EMPTY_BODY = YES;
				CLANG_WARN_ENUM_CONVERSION = YES;
				CLANG_WARN_INT_CONVERSION = YES;
				CLANG_WARN_OBJC_ROOT_CLASS = YES_ERROR;
				CLANG_WARN_UNREACHABLE_CODE = YES;
				CLANG_WARN__DUPLICATE_METHOD_MATCH = YES;
				CODE_SIGN_IDENTITY = "-";
				COPY_PHASE_STRIP = NO;
				DEBUG_INFORMATION_FORMAT = "dwarf-with-dsym";
				ENABLE_NS_ASSERTIONS = NO;
				ENABLE_STRICT_OBJC_MSGSEND = YES;
				GCC_C_LANGUAGE_STANDARD = gnu99;
				GCC_NO_COMMON_BLOCKS = YES;
				GCC_WARN_64_TO_32_BIT_CONVERSION = YES;
				GCC_WARN_ABOUT_RETURN_TYPE = YES_ERROR;
				GCC_WARN_UNDECLARED_SELECTOR = YES;
				GCC_WARN_UNINITIALIZED_AUTOS = YES_AGGRESSIVE;
				GCC_WARN_UNUSED_FUNCTION = YES;
				GCC_WARN_UNUSED_VARIABLE = YES;
				MACOSX_DEPLOYMENT_TARGET = 10.10;
				MTL_ENABLE_DEBUG_INFO = NO;
				SDKROOT = macosx;
			};
			name = Release;
		};
		B335C0511BB01A7D00C27E98 /* Debug */ = {
			isa = XCBuildConfiguration;
			buildSettings = {
				ASSETCATALOG_COMPILER_APPICON_NAME = AppIcon;
				COMBINE_HIDPI_IMAGES = YES;
				INFOPLIST_FILE = ScaryBugsMac/Info.plist;
				LD_RUNPATH_SEARCH_PATHS = "$(inherited) @executable_path/../Frameworks";
				PRODUCT_NAME = "$(TARGET_NAME)";
			};
			name = Debug;
		};
		B335C0521BB01A7D00C27E98 /* Release */ = {
			isa = XCBuildConfiguration;
			buildSettings = {
				ASSETCATALOG_COMPILER_APPICON_NAME = AppIcon;
				COMBINE_HIDPI_IMAGES = YES;
				INFOPLIST_FILE = ScaryBugsMac/Info.plist;
				LD_RUNPATH_SEARCH_PATHS = "$(inherited) @executable_path/../Frameworks";
				PRODUCT_NAME = "$(TARGET_NAME)";
			};
			name = Release;
		};
		B335C0541BB01A7D00C27E98 /* Debug */ = {
			isa = XCBuildConfiguration;
			buildSettings = {
				BUNDLE_LOADER = "$(TEST_HOST)";
				COMBINE_HIDPI_IMAGES = YES;
				FRAMEWORK_SEARCH_PATHS = (
					"$(DEVELOPER_FRAMEWORKS_DIR)",
					"$(inherited)",
				);
				GCC_PREPROCESSOR_DEFINITIONS = (
					"DEBUG=1",
					"$(inherited)",
				);
				INFOPLIST_FILE = ScaryBugsMacTests/Info.plist;
				LD_RUNPATH_SEARCH_PATHS = "$(inherited) @executable_path/../Frameworks @loader_path/../Frameworks";
				PRODUCT_NAME = "$(TARGET_NAME)";
				TEST_HOST = "$(BUILT_PRODUCTS_DIR)/ScaryBugsMac.app/Contents/MacOS/ScaryBugsMac";
			};
			name = Debug;
		};
		B335C0551BB01A7D00C27E98 /* Release */ = {
			isa = XCBuildConfiguration;
			buildSettings = {
				BUNDLE_LOADER = "$(TEST_HOST)";
				COMBINE_HIDPI_IMAGES = YES;
				FRAMEWORK_SEARCH_PATHS = (
					"$(DEVELOPER_FRAMEWORKS_DIR)",
					"$(inherited)",
				);
				INFOPLIST_FILE = ScaryBugsMacTests/Info.plist;
				LD_RUNPATH_SEARCH_PATHS = "$(inherited) @executable_path/../Frameworks @loader_path/../Frameworks";
				PRODUCT_NAME = "$(TARGET_NAME)";
				TEST_HOST = "$(BUILT_PRODUCTS_DIR)/ScaryBugsMac.app/Contents/MacOS/ScaryBugsMac";
			};
			name = Release;
		};
/* End XCBuildConfiguration section */

/* Begin XCConfigurationList section */
		B335C02E1BB01A7D00C27E98 /* Build configuration list for PBXProject "ScaryBugsMac" */ = {
			isa = XCConfigurationList;
			buildConfigurations = (
				B335C04E1BB01A7D00C27E98 /* Debug */,
				B335C04F1BB01A7D00C27E98 /* Release */,
			);
			defaultConfigurationIsVisible = 0;
			defaultConfigurationName = Release;
		};
		B335C0501BB01A7D00C27E98 /* Build configuration list for PBXNativeTarget "ScaryBugsMac" */ = {
			isa = XCConfigurationList;
			buildConfigurations = (
				B335C0511BB01A7D00C27E98 /* Debug */,
				B335C0521BB01A7D00C27E98 /* Release */,
			);
			defaultConfigurationIsVisible = 0;
			defaultConfigurationName = Release;
		};
		B335C0531BB01A7D00C27E98 /* Build configuration list for PBXNativeTarget "ScaryBugsMacTests" */ = {
			isa = XCConfigurationList;
			buildConfigurations = (
				B335C0541BB01A7D00C27E98 /* Debug */,
				B335C0551BB01A7D00C27E98 /* Release */,
			);
			defaultConfigurationIsVisible = 0;
			defaultConfigurationName = Release;
		};
/* End XCConfigurationList section */
	};
	rootObject = B335C02B1BB01A7D00C27E98 /* Project object */;
}
